
Microsoft Visual Studio Solution File, Format Version 12.00
# Visual Studio 2013
VisualStudioVersion = 12.0.31101.0
MinimumVisualStudioVersion = 10.0.40219.1
Project("{FAE04EC0-301F-11D3-BF4B-00C04F79EFBC}") = "RavenExtensions", "RavenExtensions\RavenExtensions.csproj", "{4D6CD97E-F276-4A01-B73D-40150737A8B8}"
EndProject
Project("{2150E333-8FDC-42A3-9474-1A3956D46DE8}") = ".nuget", ".nuget", "{DD168CF4-24E2-495E-BB64-9DD928B301DA}"
	ProjectSection(SolutionItems) = preProject
		.nuget\NuGet.Config = .nuget\NuGet.Config
		.nuget\NuGet.exe = .nuget\NuGet.exe
		.nuget\NuGet.targets = .nuget\NuGet.targets
	EndProjectSection
EndProject
Project("{2150E333-8FDC-42A3-9474-1A3956D46DE8}") = "Solution Items", "Solution Items", "{8EE7E39D-B425-4960-AEA6-89C3CE47D5A7}"
	ProjectSection(SolutionItems) = preProject
		..\README.md = ..\README.md
	EndProjectSection
EndProject
Project("{FAE04EC0-301F-11D3-BF4B-00C04F79EFBC}") = "RavenExtensions.45", "RavenExtensions.45\RavenExtensions.45.csproj", "{0A9B668F-4FAE-42B6-B7BE-63CA1B37DC03}"
EndProject
Global
	GlobalSection(SolutionConfigurationPlatforms) = preSolution
		Debug|Any CPU = Debug|Any CPU
		Release|Any CPU = Release|Any CPU
	EndGlobalSection
	GlobalSection(ProjectConfigurationPlatforms) = postSolution
		{4D6CD97E-F276-4A01-B73D-40150737A8B8}.Debug|Any CPU.ActiveCfg = Debug|Any CPU
		{4D6CD97E-F276-4A01-B73D-40150737A8B8}.Debug|Any CPU.Build.0 = Debug|Any CPU
		{4D6CD97E-F276-4A01-B73D-40150737A8B8}.Release|Any CPU.ActiveCfg = Release|Any CPU
		{4D6CD97E-F276-4A01-B73D-40150737A8B8}.Release|Any CPU.Build.0 = Release|Any CPU
		{0A9B668F-4FAE-42B6-B7BE-63CA1B37DC03}.Debug|Any CPU.ActiveCfg = Debug|Any CPU
		{0A9B668F-4FAE-42B6-B7BE-63CA1B37DC03}.Debug|Any CPU.Build.0 = Debug|Any CPU
		{0A9B668F-4FAE-42B6-B7BE-63CA1B37DC03}.Release|Any CPU.ActiveCfg = Release|Any CPU
		{0A9B668F-4FAE-42B6-B7BE-63CA1B37DC03}.Release|Any CPU.Build.0 = Release|Any CPU
	EndGlobalSection
	GlobalSection(SolutionProperties) = preSolution
		HideSolutionNode = FALSE
	EndGlobalSection
EndGlobal
